Microsoft Visual Studio Solution File, Format Version 12.00
# Visual Studio Version 17
VisualStudioVersion = 17.5.33627.172
MinimumVisualStudioVersion = 10.0.40219.1
Project("{9A19103F-16F7-4668-BE54-9A1E7A4F7556}") = "DHICN.PAAS.SDK.WWTP.Infrastrcuture", "DHICN.PAAS.SDK.WWTP.Infrastrcuture\DHICN.PAAS.SDK.WWTP.Infrastrcuture.csproj", "{10319CD3-534A-4F34-AE4B-87CCFA26FA1F}"
EndProject
Project("{9A19103F-16F7-4668-BE54-9A1E7A4F7556}") = "DHICN.PAAS.SDK.WWTP.MainBus", "DHICN.PAAS.SDK.WWTP.MainBus\DHICN.PAAS.SDK.WWTP.MainBus.csproj", "{613597EB-B4F6-42EB-913B-ACCA1FEB73D4}"
EndProject
Project("{9A19103F-16F7-4668-BE54-9A1E7A4F7556}") = "DHICN.PAAS.SDK.Identity", "DHICN.PAAS.SDK.Identity\DHICN.PAAS.SDK.Identity.csproj", "{DEEA82A1-B4ED-4BBD-8C66-D6A465D5C9B8}"
EndProject
Project("{9A19103F-16F7-4668-BE54-9A1E7A4F7556}") = "DHICN.PAAS.SDK.Message.Center", "DHICN.PAAS.SDK.Message.Center\DHICN.PAAS.SDK.Message.Center.csproj", "{618F6DA6-BCF7-4E10-A9DA-D4E2F9759C61}"
EndProject
Project("{9A19103F-16F7-4668-BE54-9A1E7A4F7556}") = "DHICN.PAAS.SDK.ScenarioManager", "DHICN.PAAS.SDK.ScenarioManager\DHICN.PAAS.SDK.ScenarioManager.csproj", "{6E03843B-73FB-4C94-AE7E-ED088C50D03A}"
EndProject
Project("{9A19103F-16F7-4668-BE54-9A1E7A4F7556}") = "DHICN.PAAS.SDK.DocumentManager", "DHICN.PAAS.SDK.DocumentManager\DHICN.PAAS.SDK.DocumentManager.csproj", "{2EFE79A9-0592-435A-9979-3F533B110DFD}"
EndProject
Project("{9A19103F-16F7-4668-BE54-9A1E7A4F7556}") = "DHICN.PAAS.SDK.ScenarioCompute", "DHICN.PAAS.SDK.ScenarioCompute\DHICN.PAAS.SDK.ScenarioCompute.csproj", "{93759710-C9AD-4901-B53E-27A6654B6280}"
EndProject
Project("{9A19103F-16F7-4668-BE54-9A1E7A4F7556}") = "DHICN.PAAS.SDK.ResultAnalysis", "DHICN.PAAS.SDK.ResultAnalysis\DHICN.PAAS.SDK.ResultAnalysis.csproj", "{3A8D962E-4ECA-4470-8A46-452542B0EDE8}"
EndProject
Project("{9A19103F-16F7-4668-BE54-9A1E7A4F7556}") = "DHICN.PAAS.SDK.ModelInformation", "DHICN.PAAS.SDK.ModelInformation\DHICN.PAAS.SDK.ModelInformation.csproj", "{3BAE7E01-9529-4DCE-BB9A-F3F08E8E5BC0}"
EndProject
Project("{9A19103F-16F7-4668-BE54-9A1E7A4F7556}") = "DHICN.PAAS.SDK.ModelDriver", "DHICN.PAAS.SDK.ModelDriver\DHICN.PAAS.SDK.ModelDriver.csproj", "{EC041E0B-C0C4-400A-867B-070C66DD902C}"
EndProject
Project("{9A19103F-16F7-4668-BE54-9A1E7A4F7556}") = "DHICN.PAAS.SDK.ModelConfiguration", "DHICN.PAAS.SDK.ModelConfiguration\DHICN.PAAS.SDK.ModelConfiguration.csproj", "{11D0C4A8-BDEA-4332-B85B-46D42AA24E75}"
EndProject
Global
	GlobalSection(SolutionConfigurationPlatforms) = preSolution
		Debug|Any CPU = Debug|Any CPU
		Release|Any CPU = Release|Any CPU
	EndGlobalSection
	GlobalSection(ProjectConfigurationPlatforms) = postSolution
		{10319CD3-534A-4F34-AE4B-87CCFA26FA1F}.Debug|Any CPU.ActiveCfg = Debug|Any CPU
		{10319CD3-534A-4F34-AE4B-87CCFA26FA1F}.Debug|Any CPU.Build.0 = Debug|Any CPU
		{10319CD3-534A-4F34-AE4B-87CCFA26FA1F}.Release|Any CPU.ActiveCfg = Release|Any CPU
		{10319CD3-534A-4F34-AE4B-87CCFA26FA1F}.Release|Any CPU.Build.0 = Release|Any CPU
		{613597EB-B4F6-42EB-913B-ACCA1FEB73D4}.Debug|Any CPU.ActiveCfg = Debug|Any CPU
		{613597EB-B4F6-42EB-913B-ACCA1FEB73D4}.Debug|Any CPU.Build.0 = Debug|Any CPU
		{613597EB-B4F6-42EB-913B-ACCA1FEB73D4}.Release|Any CPU.ActiveCfg = Release|Any CPU
		{613597EB-B4F6-42EB-913B-ACCA1FEB73D4}.Release|Any CPU.Build.0 = Release|Any CPU
		{DEEA82A1-B4ED-4BBD-8C66-D6A465D5C9B8}.Debug|Any CPU.ActiveCfg = Debug|Any CPU
		{DEEA82A1-B4ED-4BBD-8C66-D6A465D5C9B8}.Debug|Any CPU.Build.0 = Debug|Any CPU
		{DEEA82A1-B4ED-4BBD-8C66-D6A465D5C9B8}.Release|Any CPU.ActiveCfg = Release|Any CPU
		{DEEA82A1-B4ED-4BBD-8C66-D6A465D5C9B8}.Release|Any CPU.Build.0 = Release|Any CPU
		{618F6DA6-BCF7-4E10-A9DA-D4E2F9759C61}.Debug|Any CPU.ActiveCfg = Debug|Any CPU
		{618F6DA6-BCF7-4E10-A9DA-D4E2F9759C61}.Debug|Any CPU.Build.0 = Debug|Any CPU
		{618F6DA6-BCF7-4E10-A9DA-D4E2F9759C61}.Release|Any CPU.ActiveCfg = Release|Any CPU
		{618F6DA6-BCF7-4E10-A9DA-D4E2F9759C61}.Release|Any CPU.Build.0 = Release|Any CPU
		{6E03843B-73FB-4C94-AE7E-ED088C50D03A}.Debug|Any CPU.ActiveCfg = Debug|Any CPU
		{6E03843B-73FB-4C94-AE7E-ED088C50D03A}.Debug|Any CPU.Build.0 = Debug|Any CPU
		{6E03843B-73FB-4C94-AE7E-ED088C50D03A}.Release|Any CPU.ActiveCfg = Release|Any CPU
		{6E03843B-73FB-4C94-AE7E-ED088C50D03A}.Release|Any CPU.Build.0 = Release|Any CPU
		{2EFE79A9-0592-435A-9979-3F533B110DFD}.Debug|Any CPU.ActiveCfg = Debug|Any CPU
		{2EFE79A9-0592-435A-9979-3F533B110DFD}.Debug|Any CPU.Build.0 = Debug|Any CPU
		{2EFE79A9-0592-435A-9979-3F533B110DFD}.Release|Any CPU.ActiveCfg = Release|Any CPU
		{2EFE79A9-0592-435A-9979-3F533B110DFD}.Release|Any CPU.Build.0 = Release|Any CPU
		{93759710-C9AD-4901-B53E-27A6654B6280}.Debug|Any CPU.ActiveCfg = Debug|Any CPU
		{93759710-C9AD-4901-B53E-27A6654B6280}.Debug|Any CPU.Build.0 = Debug|Any CPU
		{93759710-C9AD-4901-B53E-27A6654B6280}.Release|Any CPU.ActiveCfg = Release|Any CPU
		{93759710-C9AD-4901-B53E-27A6654B6280}.Release|Any CPU.Build.0 = Release|Any CPU
		{3A8D962E-4ECA-4470-8A46-452542B0EDE8}.Debug|Any CPU.ActiveCfg = Debug|Any CPU
		{3A8D962E-4ECA-4470-8A46-452542B0EDE8}.Debug|Any CPU.Build.0 = Debug|Any CPU
		{3A8D962E-4ECA-4470-8A46-452542B0EDE8}.Release|Any CPU.ActiveCfg = Release|Any CPU
		{3A8D962E-4ECA-4470-8A46-452542B0EDE8}.Release|Any CPU.Build.0 = Release|Any CPU
		{3BAE7E01-9529-4DCE-BB9A-F3F08E8E5BC0}.Debug|Any CPU.ActiveCfg = Debug|Any CPU
		{3BAE7E01-9529-4DCE-BB9A-F3F08E8E5BC0}.Debug|Any CPU.Build.0 = Debug|Any CPU
		{3BAE7E01-9529-4DCE-BB9A-F3F08E8E5BC0}.Release|Any CPU.ActiveCfg = Release|Any CPU
		{3BAE7E01-9529-4DCE-BB9A-F3F08E8E5BC0}.Release|Any CPU.Build.0 = Release|Any CPU
		{EC041E0B-C0C4-400A-867B-070C66DD902C}.Debug|Any CPU.ActiveCfg = Debug|Any CPU
		{EC041E0B-C0C4-400A-867B-070C66DD902C}.Debug|Any CPU.Build.0 = Debug|Any CPU
		{EC041E0B-C0C4-400A-867B-070C66DD902C}.Release|Any CPU.ActiveCfg = Release|Any CPU
		{EC041E0B-C0C4-400A-867B-070C66DD902C}.Release|Any CPU.Build.0 = Release|Any CPU
		{11D0C4A8-BDEA-4332-B85B-46D42AA24E75}.Debug|Any CPU.ActiveCfg = Debug|Any CPU
		{11D0C4A8-BDEA-4332-B85B-46D42AA24E75}.Debug|Any CPU.Build.0 = Debug|Any CPU
		{11D0C4A8-BDEA-4332-B85B-46D42AA24E75}.Release|Any CPU.ActiveCfg = Release|Any CPU
		{11D0C4A8-BDEA-4332-B85B-46D42AA24E75}.Release|Any CPU.Build.0 = Release|Any CPU
	EndGlobalSection
	GlobalSection(SolutionProperties) = preSolution
		HideSolutionNode = FALSE
	EndGlobalSection
	GlobalSection(ExtensibilityGlobals) = postSolution
		SolutionGuid = {738079A1-72E3-4CEA-8840-34D20C5DFB08}
	EndGlobalSection
EndGlobal
